
Microsoft Visual Studio Solution File, Format Version 12.00
# Visual Studio Version 16
VisualStudioVersion = 16.0.29728.190
MinimumVisualStudioVersion = 10.0.40219.1
Project("{FAE04EC0-301F-11D3-BF4B-00C04F79EFBC}") = "TextCompareTest", "TextCompareTest\TextCompareTest.csproj", "{1FCBF04D-EF9B-4190-9218-BCB1CE06FCF9}"
EndProject
Global
	GlobalSection(SolutionConfigurationPlatforms) = preSolution
		Debug|Any CPU = Debug|Any CPU
		Release|Any CPU = Release|Any CPU
	EndGlobalSection
	GlobalSection(ProjectConfigurationPlatforms) = postSolution
		{1FCBF04D-EF9B-4190-9218-BCB1CE06FCF9}.Debug|Any CPU.ActiveCfg = Debug|Any CPU
		{1FCBF04D-EF9B-4190-9218-BCB1CE06FCF9}.Debug|Any CPU.Build.0 = Debug|Any CPU
		{1FCBF04D-EF9B-4190-9218-BCB1CE06FCF9}.Release|Any CPU.ActiveCfg = Release|Any CPU
		{1FCBF04D-EF9B-4190-9218-BCB1CE06FCF9}.Release|Any CPU.Build.0 = Release|Any CPU
	EndGlobalSection
	GlobalSection(SolutionProperties) = preSolution
		HideSolutionNode = FALSE
	EndGlobalSection
	GlobalSection(ExtensibilityGlobals) = postSolution
		SolutionGuid = {33CAA4BE-04FC-475B-B519-9E9CEC6C37F3}
	EndGlobalSection
EndGlobal
